lockfileVersion: '9.0'

settings:
  autoInstallPeers: true
  excludeLinksFromLockfile: false

importers:

  .:
    dependencies:
      '@alterno-dev/spatial-review':
        specifier: 0.6.0
        version: 0.6.0(three@0.180.0)
      three:
        specifier: ^0.180.0
        version: 0.180.0
    devDependencies:
      playwright:
        specifier: ^1.62.0
        version: 1.62.1

packages:

  '@alterno-dev/spatial-review-protocol@0.6.0':
    resolution: {integrity: sha512-39oBOssl1Rrxqkfdwx+gmt+agLuJXTcnTJ1mFyu83K71fb9aZTEJQa35qPJv+MnYA8Co044Lk11yy+/Ww9T7mg==}

  '@alterno-dev/spatial-review@0.6.0':
    resolution: {integrity: sha512-aWslWCgB5qncJWQSBIIH/M+yEt2fhJGrGK6cvCQp7BGvvLLZEf3zVdE7LYhvrC5RpBmqGnx59hYgQihY7zJm7A==}
    peerDependencies:
      three: '>=0.160.0 <1'

  fsevents@2.3.2:
    resolution: {integrity: sha512-xiqMQR4xAeHTuB9uWm+fFRcIOgKBMiOBP+eXiyT7jsgVCq1bkVygt00oASowB7EdtpOHaaPgKt812P9ab+DDKA==}
    engines: {node: ^8.16.0 || ^10.6.0 || >=11.0.0}
    os: [darwin]

  playwright-core@1.62.1:
    resolution: {integrity: sha512-wPYSwEBJY9GHraISXqyqtx0na0LpO3XEX7jNDhntbex7tzUS7kLnZsOlFruFJB4Hi/rhDMjXGqHewDZ68nYZVw==}
    engines: {node: '>=20'}
    hasBin: true

  playwright@1.62.1:
    resolution: {integrity: sha512-0M+L3LAD8/nm554LOla9Ayx0j0tmFZ0FBcoQ7F1VuVHpM/XpiC8RcDzBQB8W5+hA8L22THxELzeF+2WcUzvcLg==}
    engines: {node: '>=20'}
    hasBin: true

  three@0.180.0:
    resolution: {integrity: sha512-o+qycAMZrh+TsE01GqWUxUIKR1AL0S8pq7zDkYOQw8GqfX8b8VoCKYUoHbhiX5j+7hr8XsuHDVU6+gkQJQKg9w==}

snapshots:

  '@alterno-dev/spatial-review-protocol@0.6.0': {}

  '@alterno-dev/spatial-review@0.6.0(three@0.180.0)':
    dependencies:
      '@alterno-dev/spatial-review-protocol': 0.6.0
      three: 0.180.0

  fsevents@2.3.2:
    optional: true

  playwright-core@1.62.1: {}

  playwright@1.62.1:
    dependencies:
      playwright-core: 1.62.1
    optionalDependencies:
      fsevents: 2.3.2

  three@0.180.0: {}
